<Solution>
  <Project Path="GoatDNS.App/GoatDNS.App.csproj">
    <Platform Project="x64" />
  </Project>
  <Project Path="GoatDNS.Core/GoatDNS.Core.csproj" />
  <Project Path="GoatDNS.Service/GoatDNS.Service.csproj" />
  <Project Path="GoatDNS.Tests/GoatDNS.Tests.csproj" />
  <Project Path="GoatDNS.WinDivert/GoatDNS.WinDivert.csproj" />
</Solution>
